
Microsoft Visual Studio Solution File, Format Version 12.00
# Visual Studio Version 17
VisualStudioVersion = 17.7.34018.315
MinimumVisualStudioVersion = 10.0.40219.1
Project("{FAE04EC0-301F-11D3-BF4B-00C04F79EFBC}") = "FunctionApp1", "FunctionApp1\FunctionApp1.csproj", "{8B2844D9-94BD-4611-B32C-EE5501114FCB}"
EndProject
Global
	GlobalSection(SolutionConfigurationPlatforms) = preSolution
		Debug|Any CPU = Debug|Any CPU
		Release|Any CPU = Release|Any CPU
	EndGlobalSection
	GlobalSection(ProjectConfigurationPlatforms) = postSolution
		{8B2844D9-94BD-4611-B32C-EE5501114FCB}.Debug|Any CPU.ActiveCfg = Debug|Any CPU
		{8B2844D9-94BD-4611-B32C-EE5501114FCB}.Debug|Any CPU.Build.0 = Debug|Any CPU
		{8B2844D9-94BD-4611-B32C-EE5501114FCB}.Release|Any CPU.ActiveCfg = Release|Any CPU
		{8B2844D9-94BD-4611-B32C-EE5501114FCB}.Release|Any CPU.Build.0 = Release|Any CPU
	EndGlobalSection
	GlobalSection(SolutionProperties) = preSolution
		HideSolutionNode = FALSE
	EndGlobalSection
	GlobalSection(ExtensibilityGlobals) = postSolution
		SolutionGuid = {EBE23452-5246-43BF-BE1C-C82395DF2EC7}
	EndGlobalSection
EndGlobal
